{
  "name": "vite-plugin-vue-slot-layouts",
  "lockfileVersion": 3,
  "requires": true,
  "packages": {
    "": {
      "dependencies": {
        "vite-plugin-vue-slot-layouts": "^0.0.1"
      }
    },
    "node_modules/vite-plugin-vue-slot-layouts": {
      "version": "0.0.1",
      "resolved": "https://registry.npmjs.org/vite-plugin-vue-slot-layouts/-/vite-plugin-vue-slot-layouts-0.0.1.tgz",
      "integrity": "sha512-IOvtmjAxsS/ZedQOcRqBOXJgz69jneyCI8ts+QlZ2G4UtDAqkgasWhdewZUemz2UtBZmFoIXwVNyLOeDDN5frQ=="
    }
  }
}
